
Microsoft Visual Studio Solution File, Format Version 12.00
# Visual Studio Version 17
VisualStudioVersion = 17.9.34902.65
MinimumVisualStudioVersion = 10.0.40219.1
Project("{FAE04EC0-301F-11D3-BF4B-00C04F79EFBC}") = "WinForms_vs_WPF", "WinForms_vs_WPF\WinForms_vs_WPF.csproj", "{B53C414B-10CF-471B-8024-E13D2C2A426F}"
EndProject
Global
	GlobalSection(SolutionConfigurationPlatforms) = preSolution
		Debug|Any CPU = Debug|Any CPU
		Release|Any CPU = Release|Any CPU
	EndGlobalSection
	GlobalSection(ProjectConfigurationPlatforms) = postSolution
		{B53C414B-10CF-471B-8024-E13D2C2A426F}.Debug|Any CPU.ActiveCfg = Debug|Any CPU
		{B53C414B-10CF-471B-8024-E13D2C2A426F}.Debug|Any CPU.Build.0 = Debug|Any CPU
		{B53C414B-10CF-471B-8024-E13D2C2A426F}.Release|Any CPU.ActiveCfg = Release|Any CPU
		{B53C414B-10CF-471B-8024-E13D2C2A426F}.Release|Any CPU.Build.0 = Release|Any CPU
	EndGlobalSection
	GlobalSection(SolutionProperties) = preSolution
		HideSolutionNode = FALSE
	EndGlobalSection
	GlobalSection(ExtensibilityGlobals) = postSolution
		SolutionGuid = {D38DF784-A923-4CA9-B2B2-3B6113B2A9D0}
	EndGlobalSection
EndGlobal
